// !$*UTF8*$!
{
	archiveVersion = 1;
	classes = {
	};
	objectVersion = 45;
	objects = {

/* Begin PBXBuildFile section */
		8DD76F870486A9BA00D96B5E /* main.c in Sources */ = {isa = PBXBuildFile; fileRef = 08FB7796FE84155DC02AAC07 /* main.c */; settings = {ATTRIBUTES = (); }; };
		8DD76F890486A9BA00D96B5E /* CoreServices.framework in Frameworks */ = {isa = PBXBuildFile; fileRef = 097DBE83FE8419DDC02AAC07 /* CoreServices.framework */; };
		A822E83D0E9A8F4A00B0E78B /* CoreAudio.framework in Frameworks */ = {isa = PBXBuildFile; fileRef = A822E83C0E9A8F4A00B0E78B /* CoreAudio.framework */; };
		A8680A7D0E9C2CB700D761D6 /* audio_switch.c in Sources */ = {isa = PBXBuildFile; fileRef = A8680A7C0E9C2CB700D761D6 /* audio_switch.c */; };
/* End PBXBuildFile section */

/* Begin PBXCopyFilesBuildPhase section */
		8DD76F8B0486A9BA00D96B5E /* CopyFiles */ = {
			isa = PBXCopyFilesBuildPhase;
			buildActionMask = 8;
			dstPath = /usr/share/man/man1/;
			dstSubfolderSpec = 0;
			files = (
			);
			runOnlyForDeploymentPostprocessing = 1;
		};
/* End PBXCopyFilesBuildPhase section */

/* Begin PBXFileReference section */
		08FB7796FE84155DC02AAC07 /* main.c */ = {isa = PBXFileReference; fileEncoding = 4; lastKnownFileType = sourcecode.c.c; path = main.c; sourceTree = "<group>"; };
		097DBE83FE8419DDC02AAC07 /* CoreServices.framework */ = {isa = PBXFileReference; lastKnownFileType = wrapper.framework; name = CoreServices.framework; path = /System/Library/Frameworks/CoreServices.framework; sourceTree = "<absolute>"; };
		8DD76F8E0486A9BA00D96B5E /* AudioSwitcher */ = {isa = PBXFileReference; explicitFileType = "compiled.mach-o.executable"; includeInIndex = 0; path = AudioSwitcher; sourceTree = BUILT_PRODUCTS_DIR; };
		A822E83C0E9A8F4A00B0E78B /* CoreAudio.framework */ = {isa = PBXFileReference; lastKnownFileType = wrapper.framework; name = CoreAudio.framework; path = /System/Library/Frameworks/CoreAudio.framework; sourceTree = "<absolute>"; };
		A8680A7B0E9C2CB700D761D6 /* audio_switch.h */ = {isa = PBXFileReference; fileEncoding = 4; lastKnownFileType = sourcecode.c.h; path = audio_switch.h; sourceTree = "<group>"; };
		A8680A7C0E9C2CB700D761D6 /* audio_switch.c */ = {isa = PBXFileReference; fileEncoding = 4; lastKnownFileType = sourcecode.c.c; path = audio_switch.c; sourceTree = "<group>"; };
/* End PBXFileReference section */

/* Begin PBXFrameworksBuildPhase section */
		8DD76F880486A9BA00D96B5E /* Frameworks */ = {
			isa = PBXFrameworksBuildPhase;
			buildActionMask = 2147483647;
			files = (
				8DD76F890486A9BA00D96B5E /* CoreServices.framework in Frameworks */,
				A822E83D0E9A8F4A00B0E78B /* CoreAudio.framework in Frameworks */,
			);
			runOnlyForDeploymentPostprocessing = 0;
		};
/* End PBXFrameworksBuildPhase section */

/* Begin PBXGroup section */
		08FB7794FE84155DC02AAC07 /* AudioSwitcher */ = {
			isa = PBXGroup;
			children = (
				08FB7795FE84155DC02AAC07 /* Source */,
				08FB779DFE84155DC02AAC07 /* External Frameworks and Libraries */,
				1A8B4A8EFE9D542A11CA2CBB /* Products */,
			);
			name = AudioSwitcher;
			sourceTree = "<group>";
		};
		08FB7795FE84155DC02AAC07 /* Source */ = {
			isa = PBXGroup;
			children = (
				08FB7796FE84155DC02AAC07 /* main.c */,
				A8680A7B0E9C2CB700D761D6 /* audio_switch.h */,
				A8680A7C0E9C2CB700D761D6 /* audio_switch.c */,
			);
			name = Source;
			sourceTree = "<group>";
		};
		08FB779DFE84155DC02AAC07 /* External Frameworks and Libraries */ = {
			isa = PBXGroup;
			children = (
				A822E83C0E9A8F4A00B0E78B /* CoreAudio.framework */,
				097DBE83FE8419DDC02AAC07 /* CoreServices.framework */,
			);
			name = "External Frameworks and Libraries";
			sourceTree = "<group>";
		};
		1A8B4A8EFE9D542A11CA2CBB /* Products */ = {
			isa = PBXGroup;
			children = (
				8DD76F8E0486A9BA00D96B5E /* AudioSwitcher */,
			);
			name = Products;
			sourceTree = "<group>";
		};
/* End PBXGroup section */

/* Begin PBXNativeTarget section */
		8DD76F840486A9BA00D96B5E /* SwitchAudioSource */ = {
			isa = PBXNativeTarget;
			buildConfigurationList = 1DEB925E08733DCF0010E9CD /* Build configuration list for PBXNativeTarget "SwitchAudioSource" */;
			buildPhases = (
				8DD76F860486A9BA00D96B5E /* Sources */,
				8DD76F880486A9BA00D96B5E /* Frameworks */,
				8DD76F8B0486A9BA00D96B5E /* CopyFiles */,
			);
			buildRules = (
			);
			dependencies = (
			);
			name = SwitchAudioSource;
			productInstallPath = "$(HOME)/bin";
			productName = AudioSwitcher;
			productReference = 8DD76F8E0486A9BA00D96B5E /* AudioSwitcher */;
			productType = "com.apple.product-type.tool";
		};
/* End PBXNativeTarget section */

/* Begin PBXProject section */
		08FB7793FE84155DC02AAC07 /* Project object */ = {
			isa = PBXProject;
			buildConfigurationList = 1DEB926208733DCF0010E9CD /* Build configuration list for PBXProject "AudioSwitcher" */;
			compatibilityVersion = "Xcode 3.1";
			developmentRegion = English;
			hasScannedForEncodings = 1;
			knownRegions = (
				en,
			);
			mainGroup = 08FB7794FE84155DC02AAC07 /* AudioSwitcher */;
			projectDirPath = "";
			projectRoot = "";
			targets = (
				8DD76F840486A9BA00D96B5E /* SwitchAudioSource */,
			);
		};
/* End PBXProject section */

/* Begin PBXSourcesBuildPhase section */
		8DD76F860486A9BA00D96B5E /* Sources */ = {
			isa = PBXSourcesBuildPhase;
			buildActionMask = 2147483647;
			files = (
				8DD76F870486A9BA00D96B5E /* main.c in Sources */,
				A8680A7D0E9C2CB700D761D6 /* audio_switch.c in Sources */,
			);
			runOnlyForDeploymentPostprocessing = 0;
		};
/* End PBXSourcesBuildPhase section */

/* Begin XCBuildConfiguration section */
		1DEB925F08733DCF0010E9CD /* Debug */ = {
			isa = XCBuildConfiguration;
			buildSettings = {
				ALWAYS_SEARCH_USER_PATHS = NO;
				COPY_PHASE_STRIP = NO;
				GCC_DYNAMIC_NO_PIC = NO;
				GCC_ENABLE_FIX_AND_CONTINUE = YES;
				GCC_MODEL_TUNING = G5;
				GCC_OPTIMIZATION_LEVEL = 0;
				INSTALL_PATH = /usr/local/bin;
				PRODUCT_NAME = AudioSwitcher;
				SDKROOT = "";
			};
			name = Debug;
		};
		1DEB926008733DCF0010E9CD /* Release */ = {
			isa = XCBuildConfiguration;
			buildSettings = {
				ALWAYS_SEARCH_USER_PATHS = NO;
				DEBUG_INFORMATION_FORMAT = "dwarf-with-dsym";
				GCC_MODEL_TUNING = G5;
				INSTALL_PATH = /usr/local/bin;
				PRODUCT_NAME = SwitchAudioSource;
				SDKROOT = "";
			};
			name = Release;
		};
		1DEB926308733DCF0010E9CD /* Debug */ = {
			isa = XCBuildConfiguration;
			buildSettings = {
				ARCHS = "$(ARCHS_STANDARD_32_64_BIT)";
				GCC_C_LANGUAGE_STANDARD = c99;
				GCC_OPTIMIZATION_LEVEL = 0;
				GCC_WARN_ABOUT_RETURN_TYPE = YES;
				GCC_WARN_UNUSED_VARIABLE = YES;
				MACOSX_DEPLOYMENT_TARGET = 10.5;
				ONLY_ACTIVE_ARCH = YES;
				PREBINDING = NO;
				SDKROOT = "";
			};
			name = Debug;
		};
		1DEB926408733DCF0010E9CD /* Release */ = {
			isa = XCBuildConfiguration;
			buildSettings = {
				ARCHS = "$(ARCHS_STANDARD_32_64_BIT)";
				GCC_C_LANGUAGE_STANDARD = c99;
				GCC_WARN_ABOUT_RETURN_TYPE = YES;
				GCC_WARN_UNUSED_VARIABLE = YES;
				MACOSX_DEPLOYMENT_TARGET = 10.5;
				PREBINDING = NO;
				SDKROOT = "";
			};
			name = Release;
		};
/* End XCBuildConfiguration section */

/* Begin XCConfigurationList section */
		1DEB925E08733DCF0010E9CD /* Build configuration list for PBXNativeTarget "SwitchAudioSource" */ = {
			isa = XCConfigurationList;
			buildConfigurations = (
				1DEB925F08733DCF0010E9CD /* Debug */,
				1DEB926008733DCF0010E9CD /* Release */,
			);
			defaultConfigurationIsVisible = 0;
			defaultConfigurationName = Release;
		};
		1DEB926208733DCF0010E9CD /* Build configuration list for PBXProject "AudioSwitcher" */ = {
			isa = XCConfigurationList;
			buildConfigurations = (
				1DEB926308733DCF0010E9CD /* Debug */,
				1DEB926408733DCF0010E9CD /* Release */,
			);
			defaultConfigurationIsVisible = 0;
			defaultConfigurationName = Release;
		};
/* End XCConfigurationList section */
	};
	rootObject = 08FB7793FE84155DC02AAC07 /* Project object */;
}
